
Microsoft Visual Studio Solution File, Format Version 12.00
# Visual Studio Version 17
VisualStudioVersion = 17.11.35327.3
MinimumVisualStudioVersion = 10.0.40219.1
Project("{FAE04EC0-301F-11D3-BF4B-00C04F79EFBC}") = "Rendeles-forms-gyakorlas", "Rendeles-forms-gyakorlas\Rendeles-forms-gyakorlas.csproj", "{EE9812C3-3F9A-4789-AB5C-BE5A7953CD75}"
EndProject
Global
	GlobalSection(SolutionConfigurationPlatforms) = preSolution
		Debug|Any CPU = Debug|Any CPU
		Release|Any CPU = Release|Any CPU
	EndGlobalSection
	GlobalSection(ProjectConfigurationPlatforms) = postSolution
		{EE9812C3-3F9A-4789-AB5C-BE5A7953CD75}.Debug|Any CPU.ActiveCfg = Debug|Any CPU
		{EE9812C3-3F9A-4789-AB5C-BE5A7953CD75}.Debug|Any CPU.Build.0 = Debug|Any CPU
		{EE9812C3-3F9A-4789-AB5C-BE5A7953CD75}.Release|Any CPU.ActiveCfg = Release|Any CPU
		{EE9812C3-3F9A-4789-AB5C-BE5A7953CD75}.Release|Any CPU.Build.0 = Release|Any CPU
	EndGlobalSection
	GlobalSection(SolutionProperties) = preSolution
		HideSolutionNode = FALSE
	EndGlobalSection
	GlobalSection(ExtensibilityGlobals) = postSolution
		SolutionGuid = {FF0E176B-61A5-4707-9E3D-CACCA0E0850B}
	EndGlobalSection
EndGlobal
